
Microsoft Visual Studio Solution File, Format Version 11.00
# Visual Studio 2010
Project("{FAE04EC0-301F-11D3-BF4B-00C04F79EFBC}") = "Inbox2.Channels.AOL", "Channels\AOL\Inbox2.Channels.AOL.csproj", "{E485016E-4E4E-4275-8161-975B6E621F0E}"
EndProject
Project("{FAE04EC0-301F-11D3-BF4B-00C04F79EFBC}") = "Inbox2.Channels.Exchange", "Channels\Exchange\Inbox2.Channels.Exchange.csproj", "{357C154B-152A-4381-A5C2-A17A5993B129}"
EndProject
Project("{FAE04EC0-301F-11D3-BF4B-00C04F79EFBC}") = "Inbox2.Channels.Facebook", "Channels\Facebook\Inbox2.Channels.Facebook.csproj", "{8B39A324-31DB-4317-B81E-8C5CA18260AB}"
EndProject
Project("{FAE04EC0-301F-11D3-BF4B-00C04F79EFBC}") = "Inbox2.Channels.GMail", "Channels\GMail\Inbox2.Channels.GMail.csproj", "{B16EA434-9B01-47E7-9027-F400F083CA38}"
EndProject
Project("{FAE04EC0-301F-11D3-BF4B-00C04F79EFBC}") = "Inbox2.Channels.Hotmail", "Channels\Hotmail\Inbox2.Channels.Hotmail.csproj", "{DEE6C6F9-D037-44C4-AC98-E1896D6CEB17}"
EndProject
Project("{FAE04EC0-301F-11D3-BF4B-00C04F79EFBC}") = "Inbox2.Channels.Hyves", "Channels\Hyves\Inbox2.Channels.Hyves.csproj", "{A30AE8E8-3A4C-441A-B10E-5B83269CC9D4}"
EndProject
Project("{FAE04EC0-301F-11D3-BF4B-00C04F79EFBC}") = "Inbox2.Channels.Imap2", "Channels\Imap2\Inbox2.Channels.Imap2.csproj", "{528A7823-5CED-4E31-ABDF-E1F6F821FCFD}"
EndProject
Project("{FAE04EC0-301F-11D3-BF4B-00C04F79EFBC}") = "Inbox2.Channels.LinkedIn", "Channels\LinkedIn\Inbox2.Channels.LinkedIn.csproj", "{9A6A1888-D1F0-4B41-BAF5-5B3B82858A73}"
EndProject
Project("{FAE04EC0-301F-11D3-BF4B-00C04F79EFBC}") = "Inbox2.Channels.Pop3", "Channels\Pop3\Inbox2.Channels.Pop3.csproj", "{60AE3B61-131B-4CC9-B49C-0892E701ACF0}"
EndProject
Project("{FAE04EC0-301F-11D3-BF4B-00C04F79EFBC}") = "Inbox2.Channels.Smtp", "Channels\Smtp\Inbox2.Channels.Smtp.csproj", "{D977B2FC-E1BE-410E-8544-8B7263AB44C6}"
EndProject
Project("{FAE04EC0-301F-11D3-BF4B-00C04F79EFBC}") = "Inbox2.Channels.Twitter", "Channels\Twitter\Inbox2.Channels.Twitter.csproj", "{968A7025-B578-40BA-8FE1-5119746DDB24}"
EndProject
Project("{FAE04EC0-301F-11D3-BF4B-00C04F79EFBC}") = "Inbox2.Channels.Yahoo", "Channels\Yahoo\Inbox2.Channels.Yahoo.csproj", "{65A80A15-DE5B-4A48-9710-05535C803560}"
EndProject
Project("{FAE04EC0-301F-11D3-BF4B-00C04F79EFBC}") = "Inbox2.Channels.Yammer", "Channels\Yammer\Inbox2.Channels.Yammer.csproj", "{26AEA1C4-FD4D-4E46-A0C6-E3363C24AF8B}"
EndProject
Project("{FAE04EC0-301F-11D3-BF4B-00C04F79EFBC}") = "Inbox2.Platform.Channels", "Platform\Channels\Inbox2.Platform.Channels.csproj", "{43B96CD2-D7DA-4286-A209-EE9585EF6927}"
EndProject
Project("{FAE04EC0-301F-11D3-BF4B-00C04F79EFBC}") = "Inbox2.Platform.Framework", "Platform\Framework\Inbox2.Platform.Framework.csproj", "{FB90E43A-0E32-41D5-A7AB-83EA0D936E5E}"
EndProject
Project("{FAE04EC0-301F-11D3-BF4B-00C04F79EFBC}") = "Inbox2.Platform.Interfaces", "Platform\Interfaces\Inbox2.Platform.Interfaces.csproj", "{B9CE1540-1D68-43B2-83DB-47EC21D158A6}"
EndProject
Project("{FAE04EC0-301F-11D3-BF4B-00C04F79EFBC}") = "Inbox2.Platform.Logging", "Platform\Logging\Inbox2.Platform.Logging.csproj", "{6AE2A2AF-9B61-45B0-A375-666C5225A5B4}"
EndProject
Project("{FAE04EC0-301F-11D3-BF4B-00C04F79EFBC}") = "LumiSoft.Net", "..\ThirdParty\Src\Lumisoft.Net\LumiSoft.Net.csproj", "{7AB36CCF-5FFD-4780-A54E-A102ECA028B5}"
EndProject
Project("{FAE04EC0-301F-11D3-BF4B-00C04F79EFBC}") = "Inbox2.Channels.Other", "Channels\Other\Inbox2.Channels.Other.csproj", "{1369054D-65DD-4B12-8AC2-BF3A73EFC01D}"
EndProject
Global
	GlobalSection(SolutionConfigurationPlatforms) = preSolution
		Debug|Any CPU = Debug|Any CPU
		Debug|x64 = Debug|x64
		Debug|x86 = Debug|x86
		Release|Any CPU = Release|Any CPU
		Release|x64 = Release|x64
		Release|x86 = Release|x86
	EndGlobalSection
	GlobalSection(ProjectConfigurationPlatforms) = postSolution
		{E485016E-4E4E-4275-8161-975B6E621F0E}.Debug|Any CPU.ActiveCfg = Debug|Any CPU
		{E485016E-4E4E-4275-8161-975B6E621F0E}.Debug|Any CPU.Build.0 = Debug|Any CPU
		{E485016E-4E4E-4275-8161-975B6E621F0E}.Debug|x64.ActiveCfg = Debug|x64
		{E485016E-4E4E-4275-8161-975B6E621F0E}.Debug|x64.Build.0 = Debug|x64
		{E485016E-4E4E-4275-8161-975B6E621F0E}.Debug|x86.ActiveCfg = Debug|x86
		{E485016E-4E4E-4275-8161-975B6E621F0E}.Debug|x86.Build.0 = Debug|x86
		{E485016E-4E4E-4275-8161-975B6E621F0E}.Release|Any CPU.ActiveCfg = Release|Any CPU
		{E485016E-4E4E-4275-8161-975B6E621F0E}.Release|Any CPU.Build.0 = Release|Any CPU
		{E485016E-4E4E-4275-8161-975B6E621F0E}.Release|x64.ActiveCfg = Release|x64
		{E485016E-4E4E-4275-8161-975B6E621F0E}.Release|x64.Build.0 = Release|x64
		{E485016E-4E4E-4275-8161-975B6E621F0E}.Release|x86.ActiveCfg = Release|x86
		{E485016E-4E4E-4275-8161-975B6E621F0E}.Release|x86.Build.0 = Release|x86
		{357C154B-152A-4381-A5C2-A17A5993B129}.Debug|Any CPU.ActiveCfg = Debug|Any CPU
		{357C154B-152A-4381-A5C2-A17A5993B129}.Debug|Any CPU.Build.0 = Debug|Any CPU
		{357C154B-152A-4381-A5C2-A17A5993B129}.Debug|x64.ActiveCfg = Debug|x64
		{357C154B-152A-4381-A5C2-A17A5993B129}.Debug|x64.Build.0 = Debug|x64
		{357C154B-152A-4381-A5C2-A17A5993B129}.Debug|x86.ActiveCfg = Debug|x86
		{357C154B-152A-4381-A5C2-A17A5993B129}.Debug|x86.Build.0 = Debug|x86
		{357C154B-152A-4381-A5C2-A17A5993B129}.Release|Any CPU.ActiveCfg = Release|Any CPU
		{357C154B-152A-4381-A5C2-A17A5993B129}.Release|Any CPU.Build.0 = Release|Any CPU
		{357C154B-152A-4381-A5C2-A17A5993B129}.Release|x64.ActiveCfg = Release|x64
		{357C154B-152A-4381-A5C2-A17A5993B129}.Release|x64.Build.0 = Release|x64
		{357C154B-152A-4381-A5C2-A17A5993B129}.Release|x86.ActiveCfg = Release|x86
		{357C154B-152A-4381-A5C2-A17A5993B129}.Release|x86.Build.0 = Release|x86
		{8B39A324-31DB-4317-B81E-8C5CA18260AB}.Debug|Any CPU.ActiveCfg = Debug|Any CPU
		{8B39A324-31DB-4317-B81E-8C5CA18260AB}.Debug|Any CPU.Build.0 = Debug|Any CPU
		{8B39A324-31DB-4317-B81E-8C5CA18260AB}.Debug|x64.ActiveCfg = Debug|x64
		{8B39A324-31DB-4317-B81E-8C5CA18260AB}.Debug|x64.Build.0 = Debug|x64
		{8B39A324-31DB-4317-B81E-8C5CA18260AB}.Debug|x86.ActiveCfg = Debug|x86
		{8B39A324-31DB-4317-B81E-8C5CA18260AB}.Debug|x86.Build.0 = Debug|x86
		{8B39A324-31DB-4317-B81E-8C5CA18260AB}.Release|Any CPU.ActiveCfg = Release|Any CPU
		{8B39A324-31DB-4317-B81E-8C5CA18260AB}.Release|Any CPU.Build.0 = Release|Any CPU
		{8B39A324-31DB-4317-B81E-8C5CA18260AB}.Release|x64.ActiveCfg = Release|x64
		{8B39A324-31DB-4317-B81E-8C5CA18260AB}.Release|x64.Build.0 = Release|x64
		{8B39A324-31DB-4317-B81E-8C5CA18260AB}.Release|x86.ActiveCfg = Release|x86
		{8B39A324-31DB-4317-B81E-8C5CA18260AB}.Release|x86.Build.0 = Release|x86
		{B16EA434-9B01-47E7-9027-F400F083CA38}.Debug|Any CPU.ActiveCfg = Debug|Any CPU
		{B16EA434-9B01-47E7-9027-F400F083CA38}.Debug|Any CPU.Build.0 = Debug|Any CPU
		{B16EA434-9B01-47E7-9027-F400F083CA38}.Debug|x64.ActiveCfg = Debug|x64
		{B16EA434-9B01-47E7-9027-F400F083CA38}.Debug|x64.Build.0 = Debug|x64
		{B16EA434-9B01-47E7-9027-F400F083CA38}.Debug|x86.ActiveCfg = Debug|x86
		{B16EA434-9B01-47E7-9027-F400F083CA38}.Debug|x86.Build.0 = Debug|x86
		{B16EA434-9B01-47E7-9027-F400F083CA38}.Release|Any CPU.ActiveCfg = Release|Any CPU
		{B16EA434-9B01-47E7-9027-F400F083CA38}.Release|Any CPU.Build.0 = Release|Any CPU
		{B16EA434-9B01-47E7-9027-F400F083CA38}.Release|x64.ActiveCfg = Release|x64
		{B16EA434-9B01-47E7-9027-F400F083CA38}.Release|x64.Build.0 = Release|x64
		{B16EA434-9B01-47E7-9027-F400F083CA38}.Release|x86.ActiveCfg = Release|x86
		{B16EA434-9B01-47E7-9027-F400F083CA38}.Release|x86.Build.0 = Release|x86
		{DEE6C6F9-D037-44C4-AC98-E1896D6CEB17}.Debug|Any CPU.ActiveCfg = Debug|Any CPU
		{DEE6C6F9-D037-44C4-AC98-E1896D6CEB17}.Debug|Any CPU.Build.0 = Debug|Any CPU
		{DEE6C6F9-D037-44C4-AC98-E1896D6CEB17}.Debug|x64.ActiveCfg = Debug|x64
		{DEE6C6F9-D037-44C4-AC98-E1896D6CEB17}.Debug|x64.Build.0 = Debug|x64
		{DEE6C6F9-D037-44C4-AC98-E1896D6CEB17}.Debug|x86.ActiveCfg = Debug|x86
		{DEE6C6F9-D037-44C4-AC98-E1896D6CEB17}.Debug|x86.Build.0 = Debug|x86
		{DEE6C6F9-D037-44C4-AC98-E1896D6CEB17}.Release|Any CPU.ActiveCfg = Release|Any CPU
		{DEE6C6F9-D037-44C4-AC98-E1896D6CEB17}.Release|Any CPU.Build.0 = Release|Any CPU
		{DEE6C6F9-D037-44C4-AC98-E1896D6CEB17}.Release|x64.ActiveCfg = Release|x64
		{DEE6C6F9-D037-44C4-AC98-E1896D6CEB17}.Release|x64.Build.0 = Release|x64
		{DEE6C6F9-D037-44C4-AC98-E1896D6CEB17}.Release|x86.ActiveCfg = Release|x86
		{DEE6C6F9-D037-44C4-AC98-E1896D6CEB17}.Release|x86.Build.0 = Release|x86
		{A30AE8E8-3A4C-441A-B10E-5B83269CC9D4}.Debug|Any CPU.ActiveCfg = Debug|Any CPU
		{A30AE8E8-3A4C-441A-B10E-5B83269CC9D4}.Debug|Any CPU.Build.0 = Debug|Any CPU
		{A30AE8E8-3A4C-441A-B10E-5B83269CC9D4}.Debug|x64.ActiveCfg = Debug|x64
		{A30AE8E8-3A4C-441A-B10E-5B83269CC9D4}.Debug|x64.Build.0 = Debug|x64
		{A30AE8E8-3A4C-441A-B10E-5B83269CC9D4}.Debug|x86.ActiveCfg = Debug|x86
		{A30AE8E8-3A4C-441A-B10E-5B83269CC9D4}.Debug|x86.Build.0 = Debug|x86
		{A30AE8E8-3A4C-441A-B10E-5B83269CC9D4}.Release|Any CPU.ActiveCfg = Release|Any CPU
		{A30AE8E8-3A4C-441A-B10E-5B83269CC9D4}.Release|Any CPU.Build.0 = Release|Any CPU
		{A30AE8E8-3A4C-441A-B10E-5B83269CC9D4}.Release|x64.ActiveCfg = Release|x64
		{A30AE8E8-3A4C-441A-B10E-5B83269CC9D4}.Release|x64.Build.0 = Release|x64
		{A30AE8E8-3A4C-441A-B10E-5B83269CC9D4}.Release|x86.ActiveCfg = Release|x86
		{A30AE8E8-3A4C-441A-B10E-5B83269CC9D4}.Release|x86.Build.0 = Release|x86
		{528A7823-5CED-4E31-ABDF-E1F6F821FCFD}.Debug|Any CPU.ActiveCfg = Debug|Any CPU
		{528A7823-5CED-4E31-ABDF-E1F6F821FCFD}.Debug|Any CPU.Build.0 = Debug|Any CPU
		{528A7823-5CED-4E31-ABDF-E1F6F821FCFD}.Debug|x64.ActiveCfg = Debug|x64
		{528A7823-5CED-4E31-ABDF-E1F6F821FCFD}.Debug|x64.Build.0 = Debug|x64
		{528A7823-5CED-4E31-ABDF-E1F6F821FCFD}.Debug|x86.ActiveCfg = Debug|x86
		{528A7823-5CED-4E31-ABDF-E1F6F821FCFD}.Debug|x86.Build.0 = Debug|x86
		{528A7823-5CED-4E31-ABDF-E1F6F821FCFD}.Release|Any CPU.ActiveCfg = Release|Any CPU
		{528A7823-5CED-4E31-ABDF-E1F6F821FCFD}.Release|Any CPU.Build.0 = Release|Any CPU
		{528A7823-5CED-4E31-ABDF-E1F6F821FCFD}.Release|x64.ActiveCfg = Release|x64
		{528A7823-5CED-4E31-ABDF-E1F6F821FCFD}.Release|x64.Build.0 = Release|x64
		{528A7823-5CED-4E31-ABDF-E1F6F821FCFD}.Release|x86.ActiveCfg = Release|x86
		{528A7823-5CED-4E31-ABDF-E1F6F821FCFD}.Release|x86.Build.0 = Release|x86
		{9A6A1888-D1F0-4B41-BAF5-5B3B82858A73}.Debug|Any CPU.ActiveCfg = Debug|Any CPU
		{9A6A1888-D1F0-4B41-BAF5-5B3B82858A73}.Debug|Any CPU.Build.0 = Debug|Any CPU
		{9A6A1888-D1F0-4B41-BAF5-5B3B82858A73}.Debug|x64.ActiveCfg = Debug|x64
		{9A6A1888-D1F0-4B41-BAF5-5B3B82858A73}.Debug|x64.Build.0 = Debug|x64
		{9A6A1888-D1F0-4B41-BAF5-5B3B82858A73}.Debug|x86.ActiveCfg = Debug|x86
		{9A6A1888-D1F0-4B41-BAF5-5B3B82858A73}.Debug|x86.Build.0 = Debug|x86
		{9A6A1888-D1F0-4B41-BAF5-5B3B82858A73}.Release|Any CPU.ActiveCfg = Release|Any CPU
		{9A6A1888-D1F0-4B41-BAF5-5B3B82858A73}.Release|Any CPU.Build.0 = Release|Any CPU
		{9A6A1888-D1F0-4B41-BAF5-5B3B82858A73}.Release|x64.ActiveCfg = Release|x64
		{9A6A1888-D1F0-4B41-BAF5-5B3B82858A73}.Release|x64.Build.0 = Release|x64
		{9A6A1888-D1F0-4B41-BAF5-5B3B82858A73}.Release|x86.ActiveCfg = Release|x86
		{9A6A1888-D1F0-4B41-BAF5-5B3B82858A73}.Release|x86.Build.0 = Release|x86
		{60AE3B61-131B-4CC9-B49C-0892E701ACF0}.Debug|Any CPU.ActiveCfg = Debug|Any CPU
		{60AE3B61-131B-4CC9-B49C-0892E701ACF0}.Debug|Any CPU.Build.0 = Debug|Any CPU
		{60AE3B61-131B-4CC9-B49C-0892E701ACF0}.Debug|x64.ActiveCfg = Debug|x64
		{60AE3B61-131B-4CC9-B49C-0892E701ACF0}.Debug|x64.Build.0 = Debug|x64
		{60AE3B61-131B-4CC9-B49C-0892E701ACF0}.Debug|x86.ActiveCfg = Debug|x86
		{60AE3B61-131B-4CC9-B49C-0892E701ACF0}.Debug|x86.Build.0 = Debug|x86
		{60AE3B61-131B-4CC9-B49C-0892E701ACF0}.Release|Any CPU.ActiveCfg = Release|Any CPU
		{60AE3B61-131B-4CC9-B49C-0892E701ACF0}.Release|Any CPU.Build.0 = Release|Any CPU
		{60AE3B61-131B-4CC9-B49C-0892E701ACF0}.Release|x64.ActiveCfg = Release|x64
		{60AE3B61-131B-4CC9-B49C-0892E701ACF0}.Release|x64.Build.0 = Release|x64
		{60AE3B61-131B-4CC9-B49C-0892E701ACF0}.Release|x86.ActiveCfg = Release|x86
		{60AE3B61-131B-4CC9-B49C-0892E701ACF0}.Release|x86.Build.0 = Release|x86
		{D977B2FC-E1BE-410E-8544-8B7263AB44C6}.Debug|Any CPU.ActiveCfg = Debug|Any CPU
		{D977B2FC-E1BE-410E-8544-8B7263AB44C6}.Debug|Any CPU.Build.0 = Debug|Any CPU
		{D977B2FC-E1BE-410E-8544-8B7263AB44C6}.Debug|x64.ActiveCfg = Debug|x64
		{D977B2FC-E1BE-410E-8544-8B7263AB44C6}.Debug|x64.Build.0 = Debug|x64
		{D977B2FC-E1BE-410E-8544-8B7263AB44C6}.Debug|x86.ActiveCfg = Debug|x86
		{D977B2FC-E1BE-410E-8544-8B7263AB44C6}.Debug|x86.Build.0 = Debug|x86
		{D977B2FC-E1BE-410E-8544-8B7263AB44C6}.Release|Any CPU.ActiveCfg = Release|Any CPU
		{D977B2FC-E1BE-410E-8544-8B7263AB44C6}.Release|Any CPU.Build.0 = Release|Any CPU
		{D977B2FC-E1BE-410E-8544-8B7263AB44C6}.Release|x64.ActiveCfg = Release|x64
		{D977B2FC-E1BE-410E-8544-8B7263AB44C6}.Release|x64.Build.0 = Release|x64
		{D977B2FC-E1BE-410E-8544-8B7263AB44C6}.Release|x86.ActiveCfg = Release|x86
		{D977B2FC-E1BE-410E-8544-8B7263AB44C6}.Release|x86.Build.0 = Release|x86
		{968A7025-B578-40BA-8FE1-5119746DDB24}.Debug|Any CPU.ActiveCfg = Debug|Any CPU
		{968A7025-B578-40BA-8FE1-5119746DDB24}.Debug|Any CPU.Build.0 = Debug|Any CPU
		{968A7025-B578-40BA-8FE1-5119746DDB24}.Debug|x64.ActiveCfg = Debug|x64
		{968A7025-B578-40BA-8FE1-5119746DDB24}.Debug|x64.Build.0 = Debug|x64
		{968A7025-B578-40BA-8FE1-5119746DDB24}.Debug|x86.ActiveCfg = Debug|x86
		{968A7025-B578-40BA-8FE1-5119746DDB24}.Debug|x86.Build.0 = Debug|x86
		{968A7025-B578-40BA-8FE1-5119746DDB24}.Release|Any CPU.ActiveCfg = Release|Any CPU
		{968A7025-B578-40BA-8FE1-5119746DDB24}.Release|Any CPU.Build.0 = Release|Any CPU
		{968A7025-B578-40BA-8FE1-5119746DDB24}.Release|x64.ActiveCfg = Release|x64
		{968A7025-B578-40BA-8FE1-5119746DDB24}.Release|x64.Build.0 = Release|x64
		{968A7025-B578-40BA-8FE1-5119746DDB24}.Release|x86.ActiveCfg = Release|x86
		{968A7025-B578-40BA-8FE1-5119746DDB24}.Release|x86.Build.0 = Release|x86
		{65A80A15-DE5B-4A48-9710-05535C803560}.Debug|Any CPU.ActiveCfg = Debug|Any CPU
		{65A80A15-DE5B-4A48-9710-05535C803560}.Debug|Any CPU.Build.0 = Debug|Any CPU
		{65A80A15-DE5B-4A48-9710-05535C803560}.Debug|x64.ActiveCfg = Debug|x64
		{65A80A15-DE5B-4A48-9710-05535C803560}.Debug|x64.Build.0 = Debug|x64
		{65A80A15-DE5B-4A48-9710-05535C803560}.Debug|x86.ActiveCfg = Debug|x86
		{65A80A15-DE5B-4A48-9710-05535C803560}.Debug|x86.Build.0 = Debug|x86
		{65A80A15-DE5B-4A48-9710-05535C803560}.Release|Any CPU.ActiveCfg = Release|Any CPU
		{65A80A15-DE5B-4A48-9710-05535C803560}.Release|Any CPU.Build.0 = Release|Any CPU
		{65A80A15-DE5B-4A48-9710-05535C803560}.Release|x64.ActiveCfg = Release|x64
		{65A80A15-DE5B-4A48-9710-05535C803560}.Release|x64.Build.0 = Release|x64
		{65A80A15-DE5B-4A48-9710-05535C803560}.Release|x86.ActiveCfg = Release|x86
		{65A80A15-DE5B-4A48-9710-05535C803560}.Release|x86.Build.0 = Release|x86
		{26AEA1C4-FD4D-4E46-A0C6-E3363C24AF8B}.Debug|Any CPU.ActiveCfg = Debug|Any CPU
		{26AEA1C4-FD4D-4E46-A0C6-E3363C24AF8B}.Debug|Any CPU.Build.0 = Debug|Any CPU
		{26AEA1C4-FD4D-4E46-A0C6-E3363C24AF8B}.Debug|x64.ActiveCfg = Debug|Any CPU
		{26AEA1C4-FD4D-4E46-A0C6-E3363C24AF8B}.Debug|x86.ActiveCfg = Debug|Any CPU
		{26AEA1C4-FD4D-4E46-A0C6-E3363C24AF8B}.Release|Any CPU.ActiveCfg = Release|Any CPU
		{26AEA1C4-FD4D-4E46-A0C6-E3363C24AF8B}.Release|Any CPU.Build.0 = Release|Any CPU
		{26AEA1C4-FD4D-4E46-A0C6-E3363C24AF8B}.Release|x64.ActiveCfg = Release|Any CPU
		{26AEA1C4-FD4D-4E46-A0C6-E3363C24AF8B}.Release|x86.ActiveCfg = Release|Any CPU
		{43B96CD2-D7DA-4286-A209-EE9585EF6927}.Debug|Any CPU.ActiveCfg = Debug|Any CPU
		{43B96CD2-D7DA-4286-A209-EE9585EF6927}.Debug|Any CPU.Build.0 = Debug|Any CPU
		{43B96CD2-D7DA-4286-A209-EE9585EF6927}.Debug|x64.ActiveCfg = Debug|x64
		{43B96CD2-D7DA-4286-A209-EE9585EF6927}.Debug|x64.Build.0 = Debug|x64
		{43B96CD2-D7DA-4286-A209-EE9585EF6927}.Debug|x86.ActiveCfg = Debug|x86
		{43B96CD2-D7DA-4286-A209-EE9585EF6927}.Debug|x86.Build.0 = Debug|x86
		{43B96CD2-D7DA-4286-A209-EE9585EF6927}.Release|Any CPU.ActiveCfg = Release|Any CPU
		{43B96CD2-D7DA-4286-A209-EE9585EF6927}.Release|Any CPU.Build.0 = Release|Any CPU
		{43B96CD2-D7DA-4286-A209-EE9585EF6927}.Release|x64.ActiveCfg = Release|x64
		{43B96CD2-D7DA-4286-A209-EE9585EF6927}.Release|x64.Build.0 = Release|x64
		{43B96CD2-D7DA-4286-A209-EE9585EF6927}.Release|x86.ActiveCfg = Release|x86
		{43B96CD2-D7DA-4286-A209-EE9585EF6927}.Release|x86.Build.0 = Release|x86
		{FB90E43A-0E32-41D5-A7AB-83EA0D936E5E}.Debug|Any CPU.ActiveCfg = Debug|Any CPU
		{FB90E43A-0E32-41D5-A7AB-83EA0D936E5E}.Debug|Any CPU.Build.0 = Debug|Any CPU
		{FB90E43A-0E32-41D5-A7AB-83EA0D936E5E}.Debug|x64.ActiveCfg = Debug|x64
		{FB90E43A-0E32-41D5-A7AB-83EA0D936E5E}.Debug|x64.Build.0 = Debug|x64
		{FB90E43A-0E32-41D5-A7AB-83EA0D936E5E}.Debug|x86.ActiveCfg = Debug|x86
		{FB90E43A-0E32-41D5-A7AB-83EA0D936E5E}.Debug|x86.Build.0 = Debug|x86
		{FB90E43A-0E32-41D5-A7AB-83EA0D936E5E}.Release|Any CPU.ActiveCfg = Release|Any CPU
		{FB90E43A-0E32-41D5-A7AB-83EA0D936E5E}.Release|Any CPU.Build.0 = Release|Any CPU
		{FB90E43A-0E32-41D5-A7AB-83EA0D936E5E}.Release|x64.ActiveCfg = Release|x64
		{FB90E43A-0E32-41D5-A7AB-83EA0D936E5E}.Release|x64.Build.0 = Release|x64
		{FB90E43A-0E32-41D5-A7AB-83EA0D936E5E}.Release|x86.ActiveCfg = Release|x86
		{FB90E43A-0E32-41D5-A7AB-83EA0D936E5E}.Release|x86.Build.0 = Release|x86
		{B9CE1540-1D68-43B2-83DB-47EC21D158A6}.Debug|Any CPU.ActiveCfg = Debug|Any CPU
		{B9CE1540-1D68-43B2-83DB-47EC21D158A6}.Debug|Any CPU.Build.0 = Debug|Any CPU
		{B9CE1540-1D68-43B2-83DB-47EC21D158A6}.Debug|x64.ActiveCfg = Debug|x64
		{B9CE1540-1D68-43B2-83DB-47EC21D158A6}.Debug|x64.Build.0 = Debug|x64
		{B9CE1540-1D68-43B2-83DB-47EC21D158A6}.Debug|x86.ActiveCfg = Debug|x86
		{B9CE1540-1D68-43B2-83DB-47EC21D158A6}.Debug|x86.Build.0 = Debug|x86
		{B9CE1540-1D68-43B2-83DB-47EC21D158A6}.Release|Any CPU.ActiveCfg = Release|Any CPU
		{B9CE1540-1D68-43B2-83DB-47EC21D158A6}.Release|Any CPU.Build.0 = Release|Any CPU
		{B9CE1540-1D68-43B2-83DB-47EC21D158A6}.Release|x64.ActiveCfg = Release|x64
		{B9CE1540-1D68-43B2-83DB-47EC21D158A6}.Release|x64.Build.0 = Release|x64
		{B9CE1540-1D68-43B2-83DB-47EC21D158A6}.Release|x86.ActiveCfg = Release|x86
		{B9CE1540-1D68-43B2-83DB-47EC21D158A6}.Release|x86.Build.0 = Release|x86
		{6AE2A2AF-9B61-45B0-A375-666C5225A5B4}.Debug|Any CPU.ActiveCfg = Debug|Any CPU
		{6AE2A2AF-9B61-45B0-A375-666C5225A5B4}.Debug|Any CPU.Build.0 = Debug|Any CPU
		{6AE2A2AF-9B61-45B0-A375-666C5225A5B4}.Debug|x64.ActiveCfg = Debug|x64
		{6AE2A2AF-9B61-45B0-A375-666C5225A5B4}.Debug|x64.Build.0 = Debug|x64
		{6AE2A2AF-9B61-45B0-A375-666C5225A5B4}.Debug|x86.ActiveCfg = Debug|x86
		{6AE2A2AF-9B61-45B0-A375-666C5225A5B4}.Debug|x86.Build.0 = Debug|x86
		{6AE2A2AF-9B61-45B0-A375-666C5225A5B4}.Release|Any CPU.ActiveCfg = Release|Any CPU
		{6AE2A2AF-9B61-45B0-A375-666C5225A5B4}.Release|Any CPU.Build.0 = Release|Any CPU
		{6AE2A2AF-9B61-45B0-A375-666C5225A5B4}.Release|x64.ActiveCfg = Release|x64
		{6AE2A2AF-9B61-45B0-A375-666C5225A5B4}.Release|x64.Build.0 = Release|x64
		{6AE2A2AF-9B61-45B0-A375-666C5225A5B4}.Release|x86.ActiveCfg = Release|x86
		{6AE2A2AF-9B61-45B0-A375-666C5225A5B4}.Release|x86.Build.0 = Release|x86
		{7AB36CCF-5FFD-4780-A54E-A102ECA028B5}.Debug|Any CPU.ActiveCfg = Debug|Any CPU
		{7AB36CCF-5FFD-4780-A54E-A102ECA028B5}.Debug|Any CPU.Build.0 = Debug|Any CPU
		{7AB36CCF-5FFD-4780-A54E-A102ECA028B5}.Debug|x64.ActiveCfg = Debug|x64
		{7AB36CCF-5FFD-4780-A54E-A102ECA028B5}.Debug|x64.Build.0 = Debug|x64
		{7AB36CCF-5FFD-4780-A54E-A102ECA028B5}.Debug|x86.ActiveCfg = Debug|x86
		{7AB36CCF-5FFD-4780-A54E-A102ECA028B5}.Debug|x86.Build.0 = Debug|x86
		{7AB36CCF-5FFD-4780-A54E-A102ECA028B5}.Release|Any CPU.ActiveCfg = Release|Any CPU
		{7AB36CCF-5FFD-4780-A54E-A102ECA028B5}.Release|Any CPU.Build.0 = Release|Any CPU
		{7AB36CCF-5FFD-4780-A54E-A102ECA028B5}.Release|x64.ActiveCfg = Release|x64
		{7AB36CCF-5FFD-4780-A54E-A102ECA028B5}.Release|x64.Build.0 = Release|x64
		{7AB36CCF-5FFD-4780-A54E-A102ECA028B5}.Release|x86.ActiveCfg = Release|x86
		{7AB36CCF-5FFD-4780-A54E-A102ECA028B5}.Release|x86.Build.0 = Release|x86
		{1369054D-65DD-4B12-8AC2-BF3A73EFC01D}.Debug|Any CPU.ActiveCfg = Debug|Any CPU
		{1369054D-65DD-4B12-8AC2-BF3A73EFC01D}.Debug|Any CPU.Build.0 = Debug|Any CPU
		{1369054D-65DD-4B12-8AC2-BF3A73EFC01D}.Debug|x64.ActiveCfg = Debug|Any CPU
		{1369054D-65DD-4B12-8AC2-BF3A73EFC01D}.Debug|x86.ActiveCfg = Debug|Any CPU
		{1369054D-65DD-4B12-8AC2-BF3A73EFC01D}.Release|Any CPU.ActiveCfg = Release|Any CPU
		{1369054D-65DD-4B12-8AC2-BF3A73EFC01D}.Release|Any CPU.Build.0 = Release|Any CPU
		{1369054D-65DD-4B12-8AC2-BF3A73EFC01D}.Release|x64.ActiveCfg = Release|Any CPU
		{1369054D-65DD-4B12-8AC2-BF3A73EFC01D}.Release|x86.ActiveCfg = Release|Any CPU
	EndGlobalSection
	GlobalSection(SolutionProperties) = preSolution
		HideSolutionNode = FALSE
	EndGlobalSection
EndGlobal
