
Microsoft Visual Studio Solution File, Format Version 11.00
# Visual Studio 2010
Project("{2150E333-8FDC-42A3-9474-1A3956D46DE8}") = "Solution Items", "Solution Items", "{3A61C5F6-158E-46FA-B128-563A3991D8AC}"
	ProjectSection(SolutionItems) = preProject
		Client\AssemblyInfo.cs = Client\AssemblyInfo.cs
	EndProjectSection
EndProject
Project("{FAE04EC0-301F-11D3-BF4B-00C04F79EFBC}") = "Inbox2", "Client\Inbox2\Inbox2.csproj", "{C9E25802-98D5-4409-A25E-FE6886728C2A}"
	ProjectSection(ProjectDependencies) = postProject
		{2654801F-269C-4D48-A200-E37D23AFF668} = {2654801F-269C-4D48-A200-E37D23AFF668}
		{EF22C92A-3F62-4420-BF6B-B6F6D8CFCF40} = {EF22C92A-3F62-4420-BF6B-B6F6D8CFCF40}
		{865E052C-9F6E-4A11-A537-E60482BEB3A5} = {865E052C-9F6E-4A11-A537-E60482BEB3A5}
		{42A59D2C-BAC0-4446-B3BE-49A5B3763D91} = {42A59D2C-BAC0-4446-B3BE-49A5B3763D91}
		{BC784E2D-B8F8-4ACE-9CD0-223EDDEFC526} = {BC784E2D-B8F8-4ACE-9CD0-223EDDEFC526}
		{2E870F3B-1BBB-44B0-B534-4A1D1CCB17C8} = {2E870F3B-1BBB-44B0-B534-4A1D1CCB17C8}
		{7F48ED3E-C647-472C-9FAE-827F7F9BCCAC} = {7F48ED3E-C647-472C-9FAE-827F7F9BCCAC}
		{0782FB55-3C4D-4E45-8D4C-2516756750C5} = {0782FB55-3C4D-4E45-8D4C-2516756750C5}
		{9B222C61-ECAD-46C0-A3DD-66E0590F9B50} = {9B222C61-ECAD-46C0-A3DD-66E0590F9B50}
		{4E91D564-1B6E-4FF0-A177-3ED4632EA5D2} = {4E91D564-1B6E-4FF0-A177-3ED4632EA5D2}
		{01D5F164-0F7C-450B-9B6D-DEDB74662975} = {01D5F164-0F7C-450B-9B6D-DEDB74662975}
		{CFEC0A6E-AFAE-4FC1-8F07-B1B0F97B4162} = {CFEC0A6E-AFAE-4FC1-8F07-B1B0F97B4162}
		{8E52D082-3EF7-4A0A-961C-E63C8D4B1947} = {8E52D082-3EF7-4A0A-961C-E63C8D4B1947}
		{C20E7E84-728A-4891-B99B-D6DD4029FFF4} = {C20E7E84-728A-4891-B99B-D6DD4029FFF4}
		{9BC1A38C-21C5-4B4B-B3E4-3863C48EAA85} = {9BC1A38C-21C5-4B4B-B3E4-3863C48EAA85}
		{D6A33D90-EC04-4446-AF87-695A59E321C7} = {D6A33D90-EC04-4446-AF87-695A59E321C7}
		{61EF019B-7EFF-4383-ABFF-17C053A7DB50} = {61EF019B-7EFF-4383-ABFF-17C053A7DB50}
		{68A9659C-70EE-4BDE-8A82-9EFA99A1D229} = {68A9659C-70EE-4BDE-8A82-9EFA99A1D229}
		{E12372AB-81A8-468D-A50A-23C9901617AF} = {E12372AB-81A8-468D-A50A-23C9901617AF}
		{45BDF5C8-D45D-4CAA-A2F5-E233B16D18F4} = {45BDF5C8-D45D-4CAA-A2F5-E233B16D18F4}
		{6BD614CD-2456-41E4-8B34-58BAE5081067} = {6BD614CD-2456-41E4-8B34-58BAE5081067}
		{B6402BD1-3B14-4ED8-A0A2-11665AEC6D3F} = {B6402BD1-3B14-4ED8-A0A2-11665AEC6D3F}
		{25681AD3-5D29-4BFB-A897-690A8042B4C1} = {25681AD3-5D29-4BFB-A897-690A8042B4C1}
		{FA932CDB-F6E8-448D-AF20-8E338D6D26CF} = {FA932CDB-F6E8-448D-AF20-8E338D6D26CF}
		{428793DE-2946-4FB0-B8B8-E372084A58E7} = {428793DE-2946-4FB0-B8B8-E372084A58E7}
		{D5D637E1-8F2F-4EBF-913B-BC9AED09843B} = {D5D637E1-8F2F-4EBF-913B-BC9AED09843B}
		{0A5281EA-0E45-448A-9828-A7E96DA1B530} = {0A5281EA-0E45-448A-9828-A7E96DA1B530}
		{AF2426F6-151D-4179-AF09-A5D81B8CF105} = {AF2426F6-151D-4179-AF09-A5D81B8CF105}
	EndProjectSection
EndProject
Project("{FAE04EC0-301F-11D3-BF4B-00C04F79EFBC}") = "Inbox2.Core.Unmanaged", "Client\Inbox2\Core\Unmanaged\Inbox2.Core.Unmanaged.csproj", "{A69346D8-3E5C-4AC4-9566-84ADF0286BCA}"
EndProject
Project("{FAE04EC0-301F-11D3-BF4B-00C04F79EFBC}") = "Inbox2.UI.Themes.DarkSide", "Client\Inbox2\UI\Themes\DarkSide\Inbox2.UI.Themes.DarkSide.csproj", "{68A9659C-70EE-4BDE-8A82-9EFA99A1D229}"
EndProject
Project("{FAE04EC0-301F-11D3-BF4B-00C04F79EFBC}") = "Inbox2.UI.Resources", "Client\Inbox2\UI\Resources\Inbox2.UI.Resources.csproj", "{AF2426F6-151D-4179-AF09-A5D81B8CF105}"
EndProject
Project("{FAE04EC0-301F-11D3-BF4B-00C04F79EFBC}") = "Inbox2.Framework.Extensions", "Client\Inbox2\Framework\Extensions\Inbox2.Framework.Extensions.csproj", "{CFEC0A6E-AFAE-4FC1-8F07-B1B0F97B4162}"
EndProject
Project("{FAE04EC0-301F-11D3-BF4B-00C04F79EFBC}") = "Inbox2.Framework.UI", "Client\Inbox2\Framework\UI\Inbox2.Framework.UI.csproj", "{2654801F-269C-4D48-A200-E37D23AFF668}"
EndProject
Project("{FAE04EC0-301F-11D3-BF4B-00C04F79EFBC}") = "Inbox2.Core.Configuration", "Client\Inbox2\Core\Configuration\Inbox2.Core.Configuration.csproj", "{2E870F3B-1BBB-44B0-B534-4A1D1CCB17C8}"
EndProject
Project("{FAE04EC0-301F-11D3-BF4B-00C04F79EFBC}") = "Inbox2.Core.DataAccess", "Client\Inbox2\Core\DataAccess\Inbox2.Core.DataAccess.csproj", "{0782FB55-3C4D-4E45-8D4C-2516756750C5}"
EndProject
Project("{FAE04EC0-301F-11D3-BF4B-00C04F79EFBC}") = "Inbox2.Core.Search", "Client\Inbox2\Core\Search\Inbox2.Core.Search.csproj", "{FA932CDB-F6E8-448D-AF20-8E338D6D26CF}"
EndProject
Project("{FAE04EC0-301F-11D3-BF4B-00C04F79EFBC}") = "Inbox2.Framework.Threading", "Client\Inbox2\Framework\Threading\Inbox2.Framework.Threading.csproj", "{428793DE-2946-4FB0-B8B8-E372084A58E7}"
EndProject
Project("{FAE04EC0-301F-11D3-BF4B-00C04F79EFBC}") = "Inbox2.Core.Threading", "Client\Inbox2\Core\Threading\Inbox2.Core.Threading.csproj", "{61EF019B-7EFF-4383-ABFF-17C053A7DB50}"
EndProject
Project("{FAE04EC0-301F-11D3-BF4B-00C04F79EFBC}") = "Inbox2.Framework", "Client\Inbox2\Framework\Inbox2.Framework.csproj", "{B6402BD1-3B14-4ED8-A0A2-11665AEC6D3F}"
EndProject
Project("{FAE04EC0-301F-11D3-BF4B-00C04F79EFBC}") = "Inbox2.Core.Storage", "Client\Inbox2\Core\Storage\Inbox2.Core.Storage.csproj", "{45BDF5C8-D45D-4CAA-A2F5-E233B16D18F4}"
EndProject
Project("{FAE04EC0-301F-11D3-BF4B-00C04F79EFBC}") = "Inbox2.Framework.Interfaces", "Client\Inbox2\Framework\Interfaces\Inbox2.Framework.Interfaces.csproj", "{8E52D082-3EF7-4A0A-961C-E63C8D4B1947}"
EndProject
Project("{FAE04EC0-301F-11D3-BF4B-00C04F79EFBC}") = "Inbox2.UI", "Client\Inbox2\UI\Inbox2.UI.csproj", "{865E052C-9F6E-4A11-A537-E60482BEB3A5}"
EndProject
Project("{FAE04EC0-301F-11D3-BF4B-00C04F79EFBC}") = "Inbox2.Framework.Interop", "Client\Inbox2\Framework\Interop\Inbox2.Framework.Interop.csproj", "{7F48ED3E-C647-472C-9FAE-827F7F9BCCAC}"
EndProject
Project("{FAE04EC0-301F-11D3-BF4B-00C04F79EFBC}") = "Inbox2.Core", "Client\Inbox2\Core\Inbox2.Core.csproj", "{25681AD3-5D29-4BFB-A897-690A8042B4C1}"
EndProject
Project("{FAE04EC0-301F-11D3-BF4B-00C04F79EFBC}") = "Inbox2.Framework.Utils", "Client\Inbox2\Framework\Utils\Inbox2.Framework.Utils.csproj", "{0A5281EA-0E45-448A-9828-A7E96DA1B530}"
EndProject
Project("{FAE04EC0-301F-11D3-BF4B-00C04F79EFBC}") = "Inbox2.Plugins.Conversations", "Client\Inbox2\Plugins\Conversations\Inbox2.Plugins.Conversations.csproj", "{BC784E2D-B8F8-4ACE-9CD0-223EDDEFC526}"
EndProject
Project("{FAE04EC0-301F-11D3-BF4B-00C04F79EFBC}") = "Inbox2.Plugins.Documents", "Client\Inbox2\Plugins\Documents\Inbox2.Plugins.Documents.csproj", "{E12372AB-81A8-468D-A50A-23C9901617AF}"
EndProject
Project("{FAE04EC0-301F-11D3-BF4B-00C04F79EFBC}") = "Inbox2.Framework.Persistance", "Client\Inbox2\Framework\Persistance\Inbox2.Framework.Persistance.csproj", "{C20E7E84-728A-4891-B99B-D6DD4029FFF4}"
EndProject
Project("{FAE04EC0-301F-11D3-BF4B-00C04F79EFBC}") = "Inbox2.Framework.Plugins", "Client\Inbox2\Framework\Plugins\Inbox2.Framework.Plugins.csproj", "{EF22C92A-3F62-4420-BF6B-B6F6D8CFCF40}"
EndProject
Project("{FAE04EC0-301F-11D3-BF4B-00C04F79EFBC}") = "Inbox2.UI.Launcher", "Client\Inbox2\UI\Launcher\Inbox2.UI.Launcher.csproj", "{D6A33D90-EC04-4446-AF87-695A59E321C7}"
EndProject
Project("{FAE04EC0-301F-11D3-BF4B-00C04F79EFBC}") = "Inbox2.Core.LauncherCommands", "Client\Inbox2\Core\LauncherCommands\Inbox2.Core.LauncherCommands.csproj", "{01D5F164-0F7C-450B-9B6D-DEDB74662975}"
EndProject
Project("{FAE04EC0-301F-11D3-BF4B-00C04F79EFBC}") = "Inbox2.Utils.Scraper", "Utils\Scraper\Inbox2.Utils.Scraper.csproj", "{9BC1A38C-21C5-4B4B-B3E4-3863C48EAA85}"
EndProject
Project("{FAE04EC0-301F-11D3-BF4B-00C04F79EFBC}") = "Inbox2.Plugins.Contacts", "Client\Inbox2\Plugins\Contacts\Inbox2.Plugins.Contacts.csproj", "{D5D637E1-8F2F-4EBF-913B-BC9AED09843B}"
EndProject
Project("{FAE04EC0-301F-11D3-BF4B-00C04F79EFBC}") = "Inbox2.Framework.VirtualMailBox", "Client\Inbox2\Framework\VirtualMailBox\Inbox2.Framework.VirtualMailBox.csproj", "{9B222C61-ECAD-46C0-A3DD-66E0590F9B50}"
EndProject
Project("{FAE04EC0-301F-11D3-BF4B-00C04F79EFBC}") = "Inbox2.Plugins.ColumnSearch", "Client\Inbox2\Plugins\ColumnSearch\Inbox2.Plugins.ColumnSearch.csproj", "{6BD614CD-2456-41E4-8B34-58BAE5081067}"
EndProject
Project("{FAE04EC0-301F-11D3-BF4B-00C04F79EFBC}") = "Inbox2.Plugins.StatusUpdates", "Client\Inbox2\Plugins\StatusUpdates\Inbox2.Plugins.StatusUpdates.csproj", "{42A59D2C-BAC0-4446-B3BE-49A5B3763D91}"
EndProject
Project("{FAE04EC0-301F-11D3-BF4B-00C04F79EFBC}") = "Inbox2.Framework.Localization", "Client\Inbox2\Framework\Localization\Inbox2.Framework.Localization.csproj", "{4E91D564-1B6E-4FF0-A177-3ED4632EA5D2}"
EndProject
Project("{FAE04EC0-301F-11D3-BF4B-00C04F79EFBC}") = "Inbox2Upgrade", "Client\Inbox2Upgrade\Inbox2Upgrade.csproj", "{7C41318F-2D8A-4B04-A721-6AA4169C8A7B}"
EndProject
Project("{FAE04EC0-301F-11D3-BF4B-00C04F79EFBC}") = "Inbox2DefaultMailClient", "Client\Inbox2DefaultMailClient\Inbox2DefaultMailClient.csproj", "{57110FA9-0DF1-4E20-8B3D-D3122CB16928}"
EndProject
Project("{FAE04EC0-301F-11D3-BF4B-00C04F79EFBC}") = "Inbox2ClientWorker", "Client\Inbox2ClientWorker\Inbox2ClientWorker.csproj", "{DD31328D-39C7-4501-BB8C-531DC2C7F9FF}"
EndProject
Project("{FAE04EC0-301F-11D3-BF4B-00C04F79EFBC}") = "Inbox2.UI.Themes.Jedi", "Client\Inbox2\UI\Themes\Jedi\Inbox2.UI.Themes.Jedi.csproj", "{05DABD5F-AAE2-4E79-8DAD-5BF150F023CD}"
EndProject
Global
	GlobalSection(SolutionConfigurationPlatforms) = preSolution
		Debug|Any CPU = Debug|Any CPU
		Debug|x64 = Debug|x64
		Debug|x86 = Debug|x86
		Release|Any CPU = Release|Any CPU
		Release|x64 = Release|x64
		Release|x86 = Release|x86
	EndGlobalSection
	GlobalSection(ProjectConfigurationPlatforms) = postSolution
		{C9E25802-98D5-4409-A25E-FE6886728C2A}.Debug|Any CPU.ActiveCfg = Debug|Any CPU
		{C9E25802-98D5-4409-A25E-FE6886728C2A}.Debug|Any CPU.Build.0 = Debug|Any CPU
		{C9E25802-98D5-4409-A25E-FE6886728C2A}.Debug|x64.ActiveCfg = Debug|x86
		{C9E25802-98D5-4409-A25E-FE6886728C2A}.Debug|x86.ActiveCfg = Debug|x86
		{C9E25802-98D5-4409-A25E-FE6886728C2A}.Debug|x86.Build.0 = Debug|x86
		{C9E25802-98D5-4409-A25E-FE6886728C2A}.Release|Any CPU.ActiveCfg = Release|Any CPU
		{C9E25802-98D5-4409-A25E-FE6886728C2A}.Release|Any CPU.Build.0 = Release|Any CPU
		{C9E25802-98D5-4409-A25E-FE6886728C2A}.Release|x64.ActiveCfg = Release|x86
		{C9E25802-98D5-4409-A25E-FE6886728C2A}.Release|x86.ActiveCfg = Release|x86
		{C9E25802-98D5-4409-A25E-FE6886728C2A}.Release|x86.Build.0 = Release|x86
		{A69346D8-3E5C-4AC4-9566-84ADF0286BCA}.Debug|Any CPU.ActiveCfg = Debug|Any CPU
		{A69346D8-3E5C-4AC4-9566-84ADF0286BCA}.Debug|Any CPU.Build.0 = Debug|Any CPU
		{A69346D8-3E5C-4AC4-9566-84ADF0286BCA}.Debug|x64.ActiveCfg = Debug|x64
		{A69346D8-3E5C-4AC4-9566-84ADF0286BCA}.Debug|x64.Build.0 = Debug|x64
		{A69346D8-3E5C-4AC4-9566-84ADF0286BCA}.Debug|x86.ActiveCfg = Debug|x86
		{A69346D8-3E5C-4AC4-9566-84ADF0286BCA}.Debug|x86.Build.0 = Debug|x86
		{A69346D8-3E5C-4AC4-9566-84ADF0286BCA}.Release|Any CPU.ActiveCfg = Release|Any CPU
		{A69346D8-3E5C-4AC4-9566-84ADF0286BCA}.Release|Any CPU.Build.0 = Release|Any CPU
		{A69346D8-3E5C-4AC4-9566-84ADF0286BCA}.Release|x64.ActiveCfg = Release|x64
		{A69346D8-3E5C-4AC4-9566-84ADF0286BCA}.Release|x64.Build.0 = Release|x64
		{A69346D8-3E5C-4AC4-9566-84ADF0286BCA}.Release|x86.ActiveCfg = Release|x86
		{A69346D8-3E5C-4AC4-9566-84ADF0286BCA}.Release|x86.Build.0 = Release|x86
		{68A9659C-70EE-4BDE-8A82-9EFA99A1D229}.Debug|Any CPU.ActiveCfg = Debug|Any CPU
		{68A9659C-70EE-4BDE-8A82-9EFA99A1D229}.Debug|Any CPU.Build.0 = Debug|Any CPU
		{68A9659C-70EE-4BDE-8A82-9EFA99A1D229}.Debug|x64.ActiveCfg = Debug|x64
		{68A9659C-70EE-4BDE-8A82-9EFA99A1D229}.Debug|x64.Build.0 = Debug|x64
		{68A9659C-70EE-4BDE-8A82-9EFA99A1D229}.Debug|x86.ActiveCfg = Debug|x86
		{68A9659C-70EE-4BDE-8A82-9EFA99A1D229}.Debug|x86.Build.0 = Debug|x86
		{68A9659C-70EE-4BDE-8A82-9EFA99A1D229}.Release|Any CPU.ActiveCfg = Release|Any CPU
		{68A9659C-70EE-4BDE-8A82-9EFA99A1D229}.Release|Any CPU.Build.0 = Release|Any CPU
		{68A9659C-70EE-4BDE-8A82-9EFA99A1D229}.Release|x64.ActiveCfg = Release|x64
		{68A9659C-70EE-4BDE-8A82-9EFA99A1D229}.Release|x64.Build.0 = Release|x64
		{68A9659C-70EE-4BDE-8A82-9EFA99A1D229}.Release|x86.ActiveCfg = Release|x86
		{68A9659C-70EE-4BDE-8A82-9EFA99A1D229}.Release|x86.Build.0 = Release|x86
		{AF2426F6-151D-4179-AF09-A5D81B8CF105}.Debug|Any CPU.ActiveCfg = Debug|Any CPU
		{AF2426F6-151D-4179-AF09-A5D81B8CF105}.Debug|Any CPU.Build.0 = Debug|Any CPU
		{AF2426F6-151D-4179-AF09-A5D81B8CF105}.Debug|x64.ActiveCfg = Debug|x64
		{AF2426F6-151D-4179-AF09-A5D81B8CF105}.Debug|x64.Build.0 = Debug|x64
		{AF2426F6-151D-4179-AF09-A5D81B8CF105}.Debug|x86.ActiveCfg = Debug|x86
		{AF2426F6-151D-4179-AF09-A5D81B8CF105}.Debug|x86.Build.0 = Debug|x86
		{AF2426F6-151D-4179-AF09-A5D81B8CF105}.Release|Any CPU.ActiveCfg = Release|Any CPU
		{AF2426F6-151D-4179-AF09-A5D81B8CF105}.Release|Any CPU.Build.0 = Release|Any CPU
		{AF2426F6-151D-4179-AF09-A5D81B8CF105}.Release|x64.ActiveCfg = Release|x64
		{AF2426F6-151D-4179-AF09-A5D81B8CF105}.Release|x64.Build.0 = Release|x64
		{AF2426F6-151D-4179-AF09-A5D81B8CF105}.Release|x86.ActiveCfg = Release|x86
		{AF2426F6-151D-4179-AF09-A5D81B8CF105}.Release|x86.Build.0 = Release|x86
		{CFEC0A6E-AFAE-4FC1-8F07-B1B0F97B4162}.Debug|Any CPU.ActiveCfg = Debug|Any CPU
		{CFEC0A6E-AFAE-4FC1-8F07-B1B0F97B4162}.Debug|Any CPU.Build.0 = Debug|Any CPU
		{CFEC0A6E-AFAE-4FC1-8F07-B1B0F97B4162}.Debug|x64.ActiveCfg = Debug|x64
		{CFEC0A6E-AFAE-4FC1-8F07-B1B0F97B4162}.Debug|x64.Build.0 = Debug|x64
		{CFEC0A6E-AFAE-4FC1-8F07-B1B0F97B4162}.Debug|x86.ActiveCfg = Debug|x86
		{CFEC0A6E-AFAE-4FC1-8F07-B1B0F97B4162}.Debug|x86.Build.0 = Debug|x86
		{CFEC0A6E-AFAE-4FC1-8F07-B1B0F97B4162}.Release|Any CPU.ActiveCfg = Release|Any CPU
		{CFEC0A6E-AFAE-4FC1-8F07-B1B0F97B4162}.Release|Any CPU.Build.0 = Release|Any CPU
		{CFEC0A6E-AFAE-4FC1-8F07-B1B0F97B4162}.Release|x64.ActiveCfg = Release|x64
		{CFEC0A6E-AFAE-4FC1-8F07-B1B0F97B4162}.Release|x64.Build.0 = Release|x64
		{CFEC0A6E-AFAE-4FC1-8F07-B1B0F97B4162}.Release|x86.ActiveCfg = Release|x86
		{CFEC0A6E-AFAE-4FC1-8F07-B1B0F97B4162}.Release|x86.Build.0 = Release|x86
		{2654801F-269C-4D48-A200-E37D23AFF668}.Debug|Any CPU.ActiveCfg = Debug|Any CPU
		{2654801F-269C-4D48-A200-E37D23AFF668}.Debug|Any CPU.Build.0 = Debug|Any CPU
		{2654801F-269C-4D48-A200-E37D23AFF668}.Debug|x64.ActiveCfg = Debug|x64
		{2654801F-269C-4D48-A200-E37D23AFF668}.Debug|x64.Build.0 = Debug|x64
		{2654801F-269C-4D48-A200-E37D23AFF668}.Debug|x86.ActiveCfg = Debug|x86
		{2654801F-269C-4D48-A200-E37D23AFF668}.Debug|x86.Build.0 = Debug|x86
		{2654801F-269C-4D48-A200-E37D23AFF668}.Release|Any CPU.ActiveCfg = Release|Any CPU
		{2654801F-269C-4D48-A200-E37D23AFF668}.Release|Any CPU.Build.0 = Release|Any CPU
		{2654801F-269C-4D48-A200-E37D23AFF668}.Release|x64.ActiveCfg = Release|x64
		{2654801F-269C-4D48-A200-E37D23AFF668}.Release|x64.Build.0 = Release|x64
		{2654801F-269C-4D48-A200-E37D23AFF668}.Release|x86.ActiveCfg = Release|x86
		{2654801F-269C-4D48-A200-E37D23AFF668}.Release|x86.Build.0 = Release|x86
		{2E870F3B-1BBB-44B0-B534-4A1D1CCB17C8}.Debug|Any CPU.ActiveCfg = Debug|Any CPU
		{2E870F3B-1BBB-44B0-B534-4A1D1CCB17C8}.Debug|Any CPU.Build.0 = Debug|Any CPU
		{2E870F3B-1BBB-44B0-B534-4A1D1CCB17C8}.Debug|x64.ActiveCfg = Debug|x64
		{2E870F3B-1BBB-44B0-B534-4A1D1CCB17C8}.Debug|x64.Build.0 = Debug|x64
		{2E870F3B-1BBB-44B0-B534-4A1D1CCB17C8}.Debug|x86.ActiveCfg = Debug|x86
		{2E870F3B-1BBB-44B0-B534-4A1D1CCB17C8}.Debug|x86.Build.0 = Debug|x86
		{2E870F3B-1BBB-44B0-B534-4A1D1CCB17C8}.Release|Any CPU.ActiveCfg = Release|Any CPU
		{2E870F3B-1BBB-44B0-B534-4A1D1CCB17C8}.Release|Any CPU.Build.0 = Release|Any CPU
		{2E870F3B-1BBB-44B0-B534-4A1D1CCB17C8}.Release|x64.ActiveCfg = Release|x64
		{2E870F3B-1BBB-44B0-B534-4A1D1CCB17C8}.Release|x64.Build.0 = Release|x64
		{2E870F3B-1BBB-44B0-B534-4A1D1CCB17C8}.Release|x86.ActiveCfg = Release|x86
		{2E870F3B-1BBB-44B0-B534-4A1D1CCB17C8}.Release|x86.Build.0 = Release|x86
		{0782FB55-3C4D-4E45-8D4C-2516756750C5}.Debug|Any CPU.ActiveCfg = Debug|Any CPU
		{0782FB55-3C4D-4E45-8D4C-2516756750C5}.Debug|Any CPU.Build.0 = Debug|Any CPU
		{0782FB55-3C4D-4E45-8D4C-2516756750C5}.Debug|x64.ActiveCfg = Debug|x86
		{0782FB55-3C4D-4E45-8D4C-2516756750C5}.Debug|x86.ActiveCfg = Debug|x86
		{0782FB55-3C4D-4E45-8D4C-2516756750C5}.Debug|x86.Build.0 = Debug|x86
		{0782FB55-3C4D-4E45-8D4C-2516756750C5}.Release|Any CPU.ActiveCfg = Release|Any CPU
		{0782FB55-3C4D-4E45-8D4C-2516756750C5}.Release|Any CPU.Build.0 = Release|Any CPU
		{0782FB55-3C4D-4E45-8D4C-2516756750C5}.Release|x64.ActiveCfg = Release|x86
		{0782FB55-3C4D-4E45-8D4C-2516756750C5}.Release|x86.ActiveCfg = Release|x86
		{0782FB55-3C4D-4E45-8D4C-2516756750C5}.Release|x86.Build.0 = Release|x86
		{FA932CDB-F6E8-448D-AF20-8E338D6D26CF}.Debug|Any CPU.ActiveCfg = Debug|Any CPU
		{FA932CDB-F6E8-448D-AF20-8E338D6D26CF}.Debug|Any CPU.Build.0 = Debug|Any CPU
		{FA932CDB-F6E8-448D-AF20-8E338D6D26CF}.Debug|x64.ActiveCfg = Debug|x64
		{FA932CDB-F6E8-448D-AF20-8E338D6D26CF}.Debug|x64.Build.0 = Debug|x64
		{FA932CDB-F6E8-448D-AF20-8E338D6D26CF}.Debug|x86.ActiveCfg = Debug|x86
		{FA932CDB-F6E8-448D-AF20-8E338D6D26CF}.Debug|x86.Build.0 = Debug|x86
		{FA932CDB-F6E8-448D-AF20-8E338D6D26CF}.Release|Any CPU.ActiveCfg = Release|Any CPU
		{FA932CDB-F6E8-448D-AF20-8E338D6D26CF}.Release|Any CPU.Build.0 = Release|Any CPU
		{FA932CDB-F6E8-448D-AF20-8E338D6D26CF}.Release|x64.ActiveCfg = Release|x64
		{FA932CDB-F6E8-448D-AF20-8E338D6D26CF}.Release|x64.Build.0 = Release|x64
		{FA932CDB-F6E8-448D-AF20-8E338D6D26CF}.Release|x86.ActiveCfg = Release|x86
		{FA932CDB-F6E8-448D-AF20-8E338D6D26CF}.Release|x86.Build.0 = Release|x86
		{428793DE-2946-4FB0-B8B8-E372084A58E7}.Debug|Any CPU.ActiveCfg = Debug|Any CPU
		{428793DE-2946-4FB0-B8B8-E372084A58E7}.Debug|Any CPU.Build.0 = Debug|Any CPU
		{428793DE-2946-4FB0-B8B8-E372084A58E7}.Debug|x64.ActiveCfg = Debug|x64
		{428793DE-2946-4FB0-B8B8-E372084A58E7}.Debug|x64.Build.0 = Debug|x64
		{428793DE-2946-4FB0-B8B8-E372084A58E7}.Debug|x86.ActiveCfg = Debug|x86
		{428793DE-2946-4FB0-B8B8-E372084A58E7}.Debug|x86.Build.0 = Debug|x86
		{428793DE-2946-4FB0-B8B8-E372084A58E7}.Release|Any CPU.ActiveCfg = Release|Any CPU
		{428793DE-2946-4FB0-B8B8-E372084A58E7}.Release|Any CPU.Build.0 = Release|Any CPU
		{428793DE-2946-4FB0-B8B8-E372084A58E7}.Release|x64.ActiveCfg = Release|x64
		{428793DE-2946-4FB0-B8B8-E372084A58E7}.Release|x64.Build.0 = Release|x64
		{428793DE-2946-4FB0-B8B8-E372084A58E7}.Release|x86.ActiveCfg = Release|x86
		{428793DE-2946-4FB0-B8B8-E372084A58E7}.Release|x86.Build.0 = Release|x86
		{61EF019B-7EFF-4383-ABFF-17C053A7DB50}.Debug|Any CPU.ActiveCfg = Debug|Any CPU
		{61EF019B-7EFF-4383-ABFF-17C053A7DB50}.Debug|Any CPU.Build.0 = Debug|Any CPU
		{61EF019B-7EFF-4383-ABFF-17C053A7DB50}.Debug|x64.ActiveCfg = Debug|x64
		{61EF019B-7EFF-4383-ABFF-17C053A7DB50}.Debug|x64.Build.0 = Debug|x64
		{61EF019B-7EFF-4383-ABFF-17C053A7DB50}.Debug|x86.ActiveCfg = Debug|x86
		{61EF019B-7EFF-4383-ABFF-17C053A7DB50}.Debug|x86.Build.0 = Debug|x86
		{61EF019B-7EFF-4383-ABFF-17C053A7DB50}.Release|Any CPU.ActiveCfg = Release|Any CPU
		{61EF019B-7EFF-4383-ABFF-17C053A7DB50}.Release|Any CPU.Build.0 = Release|Any CPU
		{61EF019B-7EFF-4383-ABFF-17C053A7DB50}.Release|x64.ActiveCfg = Release|x64
		{61EF019B-7EFF-4383-ABFF-17C053A7DB50}.Release|x64.Build.0 = Release|x64
		{61EF019B-7EFF-4383-ABFF-17C053A7DB50}.Release|x86.ActiveCfg = Release|x86
		{61EF019B-7EFF-4383-ABFF-17C053A7DB50}.Release|x86.Build.0 = Release|x86
		{B6402BD1-3B14-4ED8-A0A2-11665AEC6D3F}.Debug|Any CPU.ActiveCfg = Debug|Any CPU
		{B6402BD1-3B14-4ED8-A0A2-11665AEC6D3F}.Debug|Any CPU.Build.0 = Debug|Any CPU
		{B6402BD1-3B14-4ED8-A0A2-11665AEC6D3F}.Debug|x64.ActiveCfg = Debug|x64
		{B6402BD1-3B14-4ED8-A0A2-11665AEC6D3F}.Debug|x64.Build.0 = Debug|x64
		{B6402BD1-3B14-4ED8-A0A2-11665AEC6D3F}.Debug|x86.ActiveCfg = Debug|x86
		{B6402BD1-3B14-4ED8-A0A2-11665AEC6D3F}.Debug|x86.Build.0 = Debug|x86
		{B6402BD1-3B14-4ED8-A0A2-11665AEC6D3F}.Release|Any CPU.ActiveCfg = Release|Any CPU
		{B6402BD1-3B14-4ED8-A0A2-11665AEC6D3F}.Release|Any CPU.Build.0 = Release|Any CPU
		{B6402BD1-3B14-4ED8-A0A2-11665AEC6D3F}.Release|x64.ActiveCfg = Release|x64
		{B6402BD1-3B14-4ED8-A0A2-11665AEC6D3F}.Release|x64.Build.0 = Release|x64
		{B6402BD1-3B14-4ED8-A0A2-11665AEC6D3F}.Release|x86.ActiveCfg = Release|x86
		{B6402BD1-3B14-4ED8-A0A2-11665AEC6D3F}.Release|x86.Build.0 = Release|x86
		{45BDF5C8-D45D-4CAA-A2F5-E233B16D18F4}.Debug|Any CPU.ActiveCfg = Debug|Any CPU
		{45BDF5C8-D45D-4CAA-A2F5-E233B16D18F4}.Debug|Any CPU.Build.0 = Debug|Any CPU
		{45BDF5C8-D45D-4CAA-A2F5-E233B16D18F4}.Debug|x64.ActiveCfg = Debug|x64
		{45BDF5C8-D45D-4CAA-A2F5-E233B16D18F4}.Debug|x64.Build.0 = Debug|x64
		{45BDF5C8-D45D-4CAA-A2F5-E233B16D18F4}.Debug|x86.ActiveCfg = Debug|x86
		{45BDF5C8-D45D-4CAA-A2F5-E233B16D18F4}.Debug|x86.Build.0 = Debug|x86
		{45BDF5C8-D45D-4CAA-A2F5-E233B16D18F4}.Release|Any CPU.ActiveCfg = Release|Any CPU
		{45BDF5C8-D45D-4CAA-A2F5-E233B16D18F4}.Release|Any CPU.Build.0 = Release|Any CPU
		{45BDF5C8-D45D-4CAA-A2F5-E233B16D18F4}.Release|x64.ActiveCfg = Release|x64
		{45BDF5C8-D45D-4CAA-A2F5-E233B16D18F4}.Release|x64.Build.0 = Release|x64
		{45BDF5C8-D45D-4CAA-A2F5-E233B16D18F4}.Release|x86.ActiveCfg = Release|x86
		{45BDF5C8-D45D-4CAA-A2F5-E233B16D18F4}.Release|x86.Build.0 = Release|x86
		{8E52D082-3EF7-4A0A-961C-E63C8D4B1947}.Debug|Any CPU.ActiveCfg = Debug|Any CPU
		{8E52D082-3EF7-4A0A-961C-E63C8D4B1947}.Debug|Any CPU.Build.0 = Debug|Any CPU
		{8E52D082-3EF7-4A0A-961C-E63C8D4B1947}.Debug|x64.ActiveCfg = Debug|x64
		{8E52D082-3EF7-4A0A-961C-E63C8D4B1947}.Debug|x64.Build.0 = Debug|x64
		{8E52D082-3EF7-4A0A-961C-E63C8D4B1947}.Debug|x86.ActiveCfg = Debug|x86
		{8E52D082-3EF7-4A0A-961C-E63C8D4B1947}.Debug|x86.Build.0 = Debug|x86
		{8E52D082-3EF7-4A0A-961C-E63C8D4B1947}.Release|Any CPU.ActiveCfg = Release|Any CPU
		{8E52D082-3EF7-4A0A-961C-E63C8D4B1947}.Release|Any CPU.Build.0 = Release|Any CPU
		{8E52D082-3EF7-4A0A-961C-E63C8D4B1947}.Release|x64.ActiveCfg = Release|x64
		{8E52D082-3EF7-4A0A-961C-E63C8D4B1947}.Release|x64.Build.0 = Release|x64
		{8E52D082-3EF7-4A0A-961C-E63C8D4B1947}.Release|x86.ActiveCfg = Release|x86
		{8E52D082-3EF7-4A0A-961C-E63C8D4B1947}.Release|x86.Build.0 = Release|x86
		{865E052C-9F6E-4A11-A537-E60482BEB3A5}.Debug|Any CPU.ActiveCfg = Debug|Any CPU
		{865E052C-9F6E-4A11-A537-E60482BEB3A5}.Debug|Any CPU.Build.0 = Debug|Any CPU
		{865E052C-9F6E-4A11-A537-E60482BEB3A5}.Debug|x64.ActiveCfg = Debug|x64
		{865E052C-9F6E-4A11-A537-E60482BEB3A5}.Debug|x64.Build.0 = Debug|x64
		{865E052C-9F6E-4A11-A537-E60482BEB3A5}.Debug|x86.ActiveCfg = Debug|x86
		{865E052C-9F6E-4A11-A537-E60482BEB3A5}.Debug|x86.Build.0 = Debug|x86
		{865E052C-9F6E-4A11-A537-E60482BEB3A5}.Release|Any CPU.ActiveCfg = Release|Any CPU
		{865E052C-9F6E-4A11-A537-E60482BEB3A5}.Release|Any CPU.Build.0 = Release|Any CPU
		{865E052C-9F6E-4A11-A537-E60482BEB3A5}.Release|x64.ActiveCfg = Release|x64
		{865E052C-9F6E-4A11-A537-E60482BEB3A5}.Release|x64.Build.0 = Release|x64
		{865E052C-9F6E-4A11-A537-E60482BEB3A5}.Release|x86.ActiveCfg = Release|x86
		{865E052C-9F6E-4A11-A537-E60482BEB3A5}.Release|x86.Build.0 = Release|x86
		{7F48ED3E-C647-472C-9FAE-827F7F9BCCAC}.Debug|Any CPU.ActiveCfg = Debug|Any CPU
		{7F48ED3E-C647-472C-9FAE-827F7F9BCCAC}.Debug|Any CPU.Build.0 = Debug|Any CPU
		{7F48ED3E-C647-472C-9FAE-827F7F9BCCAC}.Debug|x64.ActiveCfg = Debug|x64
		{7F48ED3E-C647-472C-9FAE-827F7F9BCCAC}.Debug|x64.Build.0 = Debug|x64
		{7F48ED3E-C647-472C-9FAE-827F7F9BCCAC}.Debug|x86.ActiveCfg = Debug|x86
		{7F48ED3E-C647-472C-9FAE-827F7F9BCCAC}.Debug|x86.Build.0 = Debug|x86
		{7F48ED3E-C647-472C-9FAE-827F7F9BCCAC}.Release|Any CPU.ActiveCfg = Release|Any CPU
		{7F48ED3E-C647-472C-9FAE-827F7F9BCCAC}.Release|Any CPU.Build.0 = Release|Any CPU
		{7F48ED3E-C647-472C-9FAE-827F7F9BCCAC}.Release|x64.ActiveCfg = Release|x64
		{7F48ED3E-C647-472C-9FAE-827F7F9BCCAC}.Release|x64.Build.0 = Release|x64
		{7F48ED3E-C647-472C-9FAE-827F7F9BCCAC}.Release|x86.ActiveCfg = Release|x86
		{7F48ED3E-C647-472C-9FAE-827F7F9BCCAC}.Release|x86.Build.0 = Release|x86
		{25681AD3-5D29-4BFB-A897-690A8042B4C1}.Debug|Any CPU.ActiveCfg = Debug|Any CPU
		{25681AD3-5D29-4BFB-A897-690A8042B4C1}.Debug|Any CPU.Build.0 = Debug|Any CPU
		{25681AD3-5D29-4BFB-A897-690A8042B4C1}.Debug|x64.ActiveCfg = Debug|x86
		{25681AD3-5D29-4BFB-A897-690A8042B4C1}.Debug|x86.ActiveCfg = Debug|x86
		{25681AD3-5D29-4BFB-A897-690A8042B4C1}.Debug|x86.Build.0 = Debug|x86
		{25681AD3-5D29-4BFB-A897-690A8042B4C1}.Release|Any CPU.ActiveCfg = Release|Any CPU
		{25681AD3-5D29-4BFB-A897-690A8042B4C1}.Release|Any CPU.Build.0 = Release|Any CPU
		{25681AD3-5D29-4BFB-A897-690A8042B4C1}.Release|x64.ActiveCfg = Release|x86
		{25681AD3-5D29-4BFB-A897-690A8042B4C1}.Release|x86.ActiveCfg = Release|x86
		{25681AD3-5D29-4BFB-A897-690A8042B4C1}.Release|x86.Build.0 = Release|x86
		{0A5281EA-0E45-448A-9828-A7E96DA1B530}.Debug|Any CPU.ActiveCfg = Debug|Any CPU
		{0A5281EA-0E45-448A-9828-A7E96DA1B530}.Debug|Any CPU.Build.0 = Debug|Any CPU
		{0A5281EA-0E45-448A-9828-A7E96DA1B530}.Debug|x64.ActiveCfg = Debug|x64
		{0A5281EA-0E45-448A-9828-A7E96DA1B530}.Debug|x64.Build.0 = Debug|x64
		{0A5281EA-0E45-448A-9828-A7E96DA1B530}.Debug|x86.ActiveCfg = Debug|x86
		{0A5281EA-0E45-448A-9828-A7E96DA1B530}.Debug|x86.Build.0 = Debug|x86
		{0A5281EA-0E45-448A-9828-A7E96DA1B530}.Release|Any CPU.ActiveCfg = Release|Any CPU
		{0A5281EA-0E45-448A-9828-A7E96DA1B530}.Release|Any CPU.Build.0 = Release|Any CPU
		{0A5281EA-0E45-448A-9828-A7E96DA1B530}.Release|x64.ActiveCfg = Release|x64
		{0A5281EA-0E45-448A-9828-A7E96DA1B530}.Release|x64.Build.0 = Release|x64
		{0A5281EA-0E45-448A-9828-A7E96DA1B530}.Release|x86.ActiveCfg = Release|x86
		{0A5281EA-0E45-448A-9828-A7E96DA1B530}.Release|x86.Build.0 = Release|x86
		{BC784E2D-B8F8-4ACE-9CD0-223EDDEFC526}.Debug|Any CPU.ActiveCfg = Debug|Any CPU
		{BC784E2D-B8F8-4ACE-9CD0-223EDDEFC526}.Debug|Any CPU.Build.0 = Debug|Any CPU
		{BC784E2D-B8F8-4ACE-9CD0-223EDDEFC526}.Debug|x64.ActiveCfg = Debug|x64
		{BC784E2D-B8F8-4ACE-9CD0-223EDDEFC526}.Debug|x64.Build.0 = Debug|x64
		{BC784E2D-B8F8-4ACE-9CD0-223EDDEFC526}.Debug|x86.ActiveCfg = Debug|x86
		{BC784E2D-B8F8-4ACE-9CD0-223EDDEFC526}.Debug|x86.Build.0 = Debug|x86
		{BC784E2D-B8F8-4ACE-9CD0-223EDDEFC526}.Release|Any CPU.ActiveCfg = Release|Any CPU
		{BC784E2D-B8F8-4ACE-9CD0-223EDDEFC526}.Release|Any CPU.Build.0 = Release|Any CPU
		{BC784E2D-B8F8-4ACE-9CD0-223EDDEFC526}.Release|x64.ActiveCfg = Release|x64
		{BC784E2D-B8F8-4ACE-9CD0-223EDDEFC526}.Release|x64.Build.0 = Release|x64
		{BC784E2D-B8F8-4ACE-9CD0-223EDDEFC526}.Release|x86.ActiveCfg = Release|x86
		{BC784E2D-B8F8-4ACE-9CD0-223EDDEFC526}.Release|x86.Build.0 = Release|x86
		{E12372AB-81A8-468D-A50A-23C9901617AF}.Debug|Any CPU.ActiveCfg = Debug|Any CPU
		{E12372AB-81A8-468D-A50A-23C9901617AF}.Debug|Any CPU.Build.0 = Debug|Any CPU
		{E12372AB-81A8-468D-A50A-23C9901617AF}.Debug|x64.ActiveCfg = Debug|x64
		{E12372AB-81A8-468D-A50A-23C9901617AF}.Debug|x64.Build.0 = Debug|x64
		{E12372AB-81A8-468D-A50A-23C9901617AF}.Debug|x86.ActiveCfg = Debug|x86
		{E12372AB-81A8-468D-A50A-23C9901617AF}.Debug|x86.Build.0 = Debug|x86
		{E12372AB-81A8-468D-A50A-23C9901617AF}.Release|Any CPU.ActiveCfg = Release|Any CPU
		{E12372AB-81A8-468D-A50A-23C9901617AF}.Release|Any CPU.Build.0 = Release|Any CPU
		{E12372AB-81A8-468D-A50A-23C9901617AF}.Release|x64.ActiveCfg = Release|x64
		{E12372AB-81A8-468D-A50A-23C9901617AF}.Release|x64.Build.0 = Release|x64
		{E12372AB-81A8-468D-A50A-23C9901617AF}.Release|x86.ActiveCfg = Release|x86
		{E12372AB-81A8-468D-A50A-23C9901617AF}.Release|x86.Build.0 = Release|x86
		{C20E7E84-728A-4891-B99B-D6DD4029FFF4}.Debug|Any CPU.ActiveCfg = Debug|Any CPU
		{C20E7E84-728A-4891-B99B-D6DD4029FFF4}.Debug|Any CPU.Build.0 = Debug|Any CPU
		{C20E7E84-728A-4891-B99B-D6DD4029FFF4}.Debug|x64.ActiveCfg = Debug|x64
		{C20E7E84-728A-4891-B99B-D6DD4029FFF4}.Debug|x64.Build.0 = Debug|x64
		{C20E7E84-728A-4891-B99B-D6DD4029FFF4}.Debug|x86.ActiveCfg = Debug|x86
		{C20E7E84-728A-4891-B99B-D6DD4029FFF4}.Debug|x86.Build.0 = Debug|x86
		{C20E7E84-728A-4891-B99B-D6DD4029FFF4}.Release|Any CPU.ActiveCfg = Release|Any CPU
		{C20E7E84-728A-4891-B99B-D6DD4029FFF4}.Release|Any CPU.Build.0 = Release|Any CPU
		{C20E7E84-728A-4891-B99B-D6DD4029FFF4}.Release|x64.ActiveCfg = Release|x64
		{C20E7E84-728A-4891-B99B-D6DD4029FFF4}.Release|x64.Build.0 = Release|x64
		{C20E7E84-728A-4891-B99B-D6DD4029FFF4}.Release|x86.ActiveCfg = Release|x86
		{C20E7E84-728A-4891-B99B-D6DD4029FFF4}.Release|x86.Build.0 = Release|x86
		{EF22C92A-3F62-4420-BF6B-B6F6D8CFCF40}.Debug|Any CPU.ActiveCfg = Debug|Any CPU
		{EF22C92A-3F62-4420-BF6B-B6F6D8CFCF40}.Debug|Any CPU.Build.0 = Debug|Any CPU
		{EF22C92A-3F62-4420-BF6B-B6F6D8CFCF40}.Debug|x64.ActiveCfg = Debug|x64
		{EF22C92A-3F62-4420-BF6B-B6F6D8CFCF40}.Debug|x64.Build.0 = Debug|x64
		{EF22C92A-3F62-4420-BF6B-B6F6D8CFCF40}.Debug|x86.ActiveCfg = Debug|x86
		{EF22C92A-3F62-4420-BF6B-B6F6D8CFCF40}.Debug|x86.Build.0 = Debug|x86
		{EF22C92A-3F62-4420-BF6B-B6F6D8CFCF40}.Release|Any CPU.ActiveCfg = Release|Any CPU
		{EF22C92A-3F62-4420-BF6B-B6F6D8CFCF40}.Release|Any CPU.Build.0 = Release|Any CPU
		{EF22C92A-3F62-4420-BF6B-B6F6D8CFCF40}.Release|x64.ActiveCfg = Release|x64
		{EF22C92A-3F62-4420-BF6B-B6F6D8CFCF40}.Release|x64.Build.0 = Release|x64
		{EF22C92A-3F62-4420-BF6B-B6F6D8CFCF40}.Release|x86.ActiveCfg = Release|x86
		{EF22C92A-3F62-4420-BF6B-B6F6D8CFCF40}.Release|x86.Build.0 = Release|x86
		{D6A33D90-EC04-4446-AF87-695A59E321C7}.Debug|Any CPU.ActiveCfg = Debug|Any CPU
		{D6A33D90-EC04-4446-AF87-695A59E321C7}.Debug|Any CPU.Build.0 = Debug|Any CPU
		{D6A33D90-EC04-4446-AF87-695A59E321C7}.Debug|x64.ActiveCfg = Debug|x64
		{D6A33D90-EC04-4446-AF87-695A59E321C7}.Debug|x64.Build.0 = Debug|x64
		{D6A33D90-EC04-4446-AF87-695A59E321C7}.Debug|x86.ActiveCfg = Debug|x86
		{D6A33D90-EC04-4446-AF87-695A59E321C7}.Debug|x86.Build.0 = Debug|x86
		{D6A33D90-EC04-4446-AF87-695A59E321C7}.Release|Any CPU.ActiveCfg = Release|Any CPU
		{D6A33D90-EC04-4446-AF87-695A59E321C7}.Release|Any CPU.Build.0 = Release|Any CPU
		{D6A33D90-EC04-4446-AF87-695A59E321C7}.Release|x64.ActiveCfg = Release|x64
		{D6A33D90-EC04-4446-AF87-695A59E321C7}.Release|x64.Build.0 = Release|x64
		{D6A33D90-EC04-4446-AF87-695A59E321C7}.Release|x86.ActiveCfg = Release|x86
		{D6A33D90-EC04-4446-AF87-695A59E321C7}.Release|x86.Build.0 = Release|x86
		{01D5F164-0F7C-450B-9B6D-DEDB74662975}.Debug|Any CPU.ActiveCfg = Debug|Any CPU
		{01D5F164-0F7C-450B-9B6D-DEDB74662975}.Debug|Any CPU.Build.0 = Debug|Any CPU
		{01D5F164-0F7C-450B-9B6D-DEDB74662975}.Debug|x64.ActiveCfg = Debug|x64
		{01D5F164-0F7C-450B-9B6D-DEDB74662975}.Debug|x64.Build.0 = Debug|x64
		{01D5F164-0F7C-450B-9B6D-DEDB74662975}.Debug|x86.ActiveCfg = Debug|x86
		{01D5F164-0F7C-450B-9B6D-DEDB74662975}.Debug|x86.Build.0 = Debug|x86
		{01D5F164-0F7C-450B-9B6D-DEDB74662975}.Release|Any CPU.ActiveCfg = Release|Any CPU
		{01D5F164-0F7C-450B-9B6D-DEDB74662975}.Release|Any CPU.Build.0 = Release|Any CPU
		{01D5F164-0F7C-450B-9B6D-DEDB74662975}.Release|x64.ActiveCfg = Release|x64
		{01D5F164-0F7C-450B-9B6D-DEDB74662975}.Release|x64.Build.0 = Release|x64
		{01D5F164-0F7C-450B-9B6D-DEDB74662975}.Release|x86.ActiveCfg = Release|x86
		{01D5F164-0F7C-450B-9B6D-DEDB74662975}.Release|x86.Build.0 = Release|x86
		{9BC1A38C-21C5-4B4B-B3E4-3863C48EAA85}.Debug|Any CPU.ActiveCfg = Debug|Any CPU
		{9BC1A38C-21C5-4B4B-B3E4-3863C48EAA85}.Debug|Any CPU.Build.0 = Debug|Any CPU
		{9BC1A38C-21C5-4B4B-B3E4-3863C48EAA85}.Debug|x64.ActiveCfg = Debug|x64
		{9BC1A38C-21C5-4B4B-B3E4-3863C48EAA85}.Debug|x64.Build.0 = Debug|x64
		{9BC1A38C-21C5-4B4B-B3E4-3863C48EAA85}.Debug|x86.ActiveCfg = Debug|x86
		{9BC1A38C-21C5-4B4B-B3E4-3863C48EAA85}.Debug|x86.Build.0 = Debug|x86
		{9BC1A38C-21C5-4B4B-B3E4-3863C48EAA85}.Release|Any CPU.ActiveCfg = Release|Any CPU
		{9BC1A38C-21C5-4B4B-B3E4-3863C48EAA85}.Release|Any CPU.Build.0 = Release|Any CPU
		{9BC1A38C-21C5-4B4B-B3E4-3863C48EAA85}.Release|x64.ActiveCfg = Release|x64
		{9BC1A38C-21C5-4B4B-B3E4-3863C48EAA85}.Release|x64.Build.0 = Release|x64
		{9BC1A38C-21C5-4B4B-B3E4-3863C48EAA85}.Release|x86.ActiveCfg = Release|x86
		{9BC1A38C-21C5-4B4B-B3E4-3863C48EAA85}.Release|x86.Build.0 = Release|x86
		{D5D637E1-8F2F-4EBF-913B-BC9AED09843B}.Debug|Any CPU.ActiveCfg = Debug|Any CPU
		{D5D637E1-8F2F-4EBF-913B-BC9AED09843B}.Debug|Any CPU.Build.0 = Debug|Any CPU
		{D5D637E1-8F2F-4EBF-913B-BC9AED09843B}.Debug|x64.ActiveCfg = Debug|x64
		{D5D637E1-8F2F-4EBF-913B-BC9AED09843B}.Debug|x64.Build.0 = Debug|x64
		{D5D637E1-8F2F-4EBF-913B-BC9AED09843B}.Debug|x86.ActiveCfg = Debug|x86
		{D5D637E1-8F2F-4EBF-913B-BC9AED09843B}.Debug|x86.Build.0 = Debug|x86
		{D5D637E1-8F2F-4EBF-913B-BC9AED09843B}.Release|Any CPU.ActiveCfg = Release|Any CPU
		{D5D637E1-8F2F-4EBF-913B-BC9AED09843B}.Release|Any CPU.Build.0 = Release|Any CPU
		{D5D637E1-8F2F-4EBF-913B-BC9AED09843B}.Release|x64.ActiveCfg = Release|x64
		{D5D637E1-8F2F-4EBF-913B-BC9AED09843B}.Release|x64.Build.0 = Release|x64
		{D5D637E1-8F2F-4EBF-913B-BC9AED09843B}.Release|x86.ActiveCfg = Release|x86
		{D5D637E1-8F2F-4EBF-913B-BC9AED09843B}.Release|x86.Build.0 = Release|x86
		{9B222C61-ECAD-46C0-A3DD-66E0590F9B50}.Debug|Any CPU.ActiveCfg = Debug|Any CPU
		{9B222C61-ECAD-46C0-A3DD-66E0590F9B50}.Debug|Any CPU.Build.0 = Debug|Any CPU
		{9B222C61-ECAD-46C0-A3DD-66E0590F9B50}.Debug|x64.ActiveCfg = Debug|x64
		{9B222C61-ECAD-46C0-A3DD-66E0590F9B50}.Debug|x64.Build.0 = Debug|x64
		{9B222C61-ECAD-46C0-A3DD-66E0590F9B50}.Debug|x86.ActiveCfg = Debug|x86
		{9B222C61-ECAD-46C0-A3DD-66E0590F9B50}.Debug|x86.Build.0 = Debug|x86
		{9B222C61-ECAD-46C0-A3DD-66E0590F9B50}.Release|Any CPU.ActiveCfg = Release|Any CPU
		{9B222C61-ECAD-46C0-A3DD-66E0590F9B50}.Release|Any CPU.Build.0 = Release|Any CPU
		{9B222C61-ECAD-46C0-A3DD-66E0590F9B50}.Release|x64.ActiveCfg = Release|x64
		{9B222C61-ECAD-46C0-A3DD-66E0590F9B50}.Release|x64.Build.0 = Release|x64
		{9B222C61-ECAD-46C0-A3DD-66E0590F9B50}.Release|x86.ActiveCfg = Release|x86
		{9B222C61-ECAD-46C0-A3DD-66E0590F9B50}.Release|x86.Build.0 = Release|x86
		{6BD614CD-2456-41E4-8B34-58BAE5081067}.Debug|Any CPU.ActiveCfg = Debug|Any CPU
		{6BD614CD-2456-41E4-8B34-58BAE5081067}.Debug|Any CPU.Build.0 = Debug|Any CPU
		{6BD614CD-2456-41E4-8B34-58BAE5081067}.Debug|x64.ActiveCfg = Debug|x64
		{6BD614CD-2456-41E4-8B34-58BAE5081067}.Debug|x64.Build.0 = Debug|x64
		{6BD614CD-2456-41E4-8B34-58BAE5081067}.Debug|x86.ActiveCfg = Debug|x86
		{6BD614CD-2456-41E4-8B34-58BAE5081067}.Debug|x86.Build.0 = Debug|x86
		{6BD614CD-2456-41E4-8B34-58BAE5081067}.Release|Any CPU.ActiveCfg = Release|Any CPU
		{6BD614CD-2456-41E4-8B34-58BAE5081067}.Release|Any CPU.Build.0 = Release|Any CPU
		{6BD614CD-2456-41E4-8B34-58BAE5081067}.Release|x64.ActiveCfg = Release|x64
		{6BD614CD-2456-41E4-8B34-58BAE5081067}.Release|x64.Build.0 = Release|x64
		{6BD614CD-2456-41E4-8B34-58BAE5081067}.Release|x86.ActiveCfg = Release|x86
		{6BD614CD-2456-41E4-8B34-58BAE5081067}.Release|x86.Build.0 = Release|x86
		{42A59D2C-BAC0-4446-B3BE-49A5B3763D91}.Debug|Any CPU.ActiveCfg = Debug|Any CPU
		{42A59D2C-BAC0-4446-B3BE-49A5B3763D91}.Debug|Any CPU.Build.0 = Debug|Any CPU
		{42A59D2C-BAC0-4446-B3BE-49A5B3763D91}.Debug|x64.ActiveCfg = Debug|x64
		{42A59D2C-BAC0-4446-B3BE-49A5B3763D91}.Debug|x64.Build.0 = Debug|x64
		{42A59D2C-BAC0-4446-B3BE-49A5B3763D91}.Debug|x86.ActiveCfg = Debug|x86
		{42A59D2C-BAC0-4446-B3BE-49A5B3763D91}.Debug|x86.Build.0 = Debug|x86
		{42A59D2C-BAC0-4446-B3BE-49A5B3763D91}.Release|Any CPU.ActiveCfg = Release|Any CPU
		{42A59D2C-BAC0-4446-B3BE-49A5B3763D91}.Release|Any CPU.Build.0 = Release|Any CPU
		{42A59D2C-BAC0-4446-B3BE-49A5B3763D91}.Release|x64.ActiveCfg = Release|x64
		{42A59D2C-BAC0-4446-B3BE-49A5B3763D91}.Release|x64.Build.0 = Release|x64
		{42A59D2C-BAC0-4446-B3BE-49A5B3763D91}.Release|x86.ActiveCfg = Release|x86
		{42A59D2C-BAC0-4446-B3BE-49A5B3763D91}.Release|x86.Build.0 = Release|x86
		{4E91D564-1B6E-4FF0-A177-3ED4632EA5D2}.Debug|Any CPU.ActiveCfg = Debug|Any CPU
		{4E91D564-1B6E-4FF0-A177-3ED4632EA5D2}.Debug|Any CPU.Build.0 = Debug|Any CPU
		{4E91D564-1B6E-4FF0-A177-3ED4632EA5D2}.Debug|x64.ActiveCfg = Debug|x86
		{4E91D564-1B6E-4FF0-A177-3ED4632EA5D2}.Debug|x86.ActiveCfg = Debug|x86
		{4E91D564-1B6E-4FF0-A177-3ED4632EA5D2}.Debug|x86.Build.0 = Debug|x86
		{4E91D564-1B6E-4FF0-A177-3ED4632EA5D2}.Release|Any CPU.ActiveCfg = Release|Any CPU
		{4E91D564-1B6E-4FF0-A177-3ED4632EA5D2}.Release|Any CPU.Build.0 = Release|Any CPU
		{4E91D564-1B6E-4FF0-A177-3ED4632EA5D2}.Release|x64.ActiveCfg = Release|x86
		{4E91D564-1B6E-4FF0-A177-3ED4632EA5D2}.Release|x86.ActiveCfg = Release|x86
		{4E91D564-1B6E-4FF0-A177-3ED4632EA5D2}.Release|x86.Build.0 = Release|x86
		{7C41318F-2D8A-4B04-A721-6AA4169C8A7B}.Debug|Any CPU.ActiveCfg = Debug|Any CPU
		{7C41318F-2D8A-4B04-A721-6AA4169C8A7B}.Debug|Any CPU.Build.0 = Debug|Any CPU
		{7C41318F-2D8A-4B04-A721-6AA4169C8A7B}.Debug|x64.ActiveCfg = Debug|x86
		{7C41318F-2D8A-4B04-A721-6AA4169C8A7B}.Debug|x86.ActiveCfg = Debug|x86
		{7C41318F-2D8A-4B04-A721-6AA4169C8A7B}.Debug|x86.Build.0 = Debug|x86
		{7C41318F-2D8A-4B04-A721-6AA4169C8A7B}.Release|Any CPU.ActiveCfg = Release|Any CPU
		{7C41318F-2D8A-4B04-A721-6AA4169C8A7B}.Release|Any CPU.Build.0 = Release|Any CPU
		{7C41318F-2D8A-4B04-A721-6AA4169C8A7B}.Release|x64.ActiveCfg = Release|x86
		{7C41318F-2D8A-4B04-A721-6AA4169C8A7B}.Release|x86.ActiveCfg = Release|x86
		{7C41318F-2D8A-4B04-A721-6AA4169C8A7B}.Release|x86.Build.0 = Release|x86
		{57110FA9-0DF1-4E20-8B3D-D3122CB16928}.Debug|Any CPU.ActiveCfg = Debug|Any CPU
		{57110FA9-0DF1-4E20-8B3D-D3122CB16928}.Debug|Any CPU.Build.0 = Debug|Any CPU
		{57110FA9-0DF1-4E20-8B3D-D3122CB16928}.Debug|x64.ActiveCfg = Debug|x86
		{57110FA9-0DF1-4E20-8B3D-D3122CB16928}.Debug|x86.ActiveCfg = Debug|x86
		{57110FA9-0DF1-4E20-8B3D-D3122CB16928}.Debug|x86.Build.0 = Debug|x86
		{57110FA9-0DF1-4E20-8B3D-D3122CB16928}.Release|Any CPU.ActiveCfg = Release|Any CPU
		{57110FA9-0DF1-4E20-8B3D-D3122CB16928}.Release|Any CPU.Build.0 = Release|Any CPU
		{57110FA9-0DF1-4E20-8B3D-D3122CB16928}.Release|x64.ActiveCfg = Release|x86
		{57110FA9-0DF1-4E20-8B3D-D3122CB16928}.Release|x86.ActiveCfg = Release|x86
		{57110FA9-0DF1-4E20-8B3D-D3122CB16928}.Release|x86.Build.0 = Release|x86
		{DD31328D-39C7-4501-BB8C-531DC2C7F9FF}.Debug|Any CPU.ActiveCfg = Debug|Any CPU
		{DD31328D-39C7-4501-BB8C-531DC2C7F9FF}.Debug|Any CPU.Build.0 = Debug|Any CPU
		{DD31328D-39C7-4501-BB8C-531DC2C7F9FF}.Debug|x64.ActiveCfg = Debug|x86
		{DD31328D-39C7-4501-BB8C-531DC2C7F9FF}.Debug|x86.ActiveCfg = Debug|x86
		{DD31328D-39C7-4501-BB8C-531DC2C7F9FF}.Debug|x86.Build.0 = Debug|x86
		{DD31328D-39C7-4501-BB8C-531DC2C7F9FF}.Release|Any CPU.ActiveCfg = Release|Any CPU
		{DD31328D-39C7-4501-BB8C-531DC2C7F9FF}.Release|Any CPU.Build.0 = Release|Any CPU
		{DD31328D-39C7-4501-BB8C-531DC2C7F9FF}.Release|x64.ActiveCfg = Release|x86
		{DD31328D-39C7-4501-BB8C-531DC2C7F9FF}.Release|x86.ActiveCfg = Release|x86
		{DD31328D-39C7-4501-BB8C-531DC2C7F9FF}.Release|x86.Build.0 = Release|x86
		{05DABD5F-AAE2-4E79-8DAD-5BF150F023CD}.Debug|Any CPU.ActiveCfg = Debug|Any CPU
		{05DABD5F-AAE2-4E79-8DAD-5BF150F023CD}.Debug|Any CPU.Build.0 = Debug|Any CPU
		{05DABD5F-AAE2-4E79-8DAD-5BF150F023CD}.Debug|x64.ActiveCfg = Debug|x64
		{05DABD5F-AAE2-4E79-8DAD-5BF150F023CD}.Debug|x64.Build.0 = Debug|x64
		{05DABD5F-AAE2-4E79-8DAD-5BF150F023CD}.Debug|x86.ActiveCfg = Debug|x86
		{05DABD5F-AAE2-4E79-8DAD-5BF150F023CD}.Debug|x86.Build.0 = Debug|x86
		{05DABD5F-AAE2-4E79-8DAD-5BF150F023CD}.Release|Any CPU.ActiveCfg = Release|Any CPU
		{05DABD5F-AAE2-4E79-8DAD-5BF150F023CD}.Release|Any CPU.Build.0 = Release|Any CPU
		{05DABD5F-AAE2-4E79-8DAD-5BF150F023CD}.Release|x64.ActiveCfg = Release|x64
		{05DABD5F-AAE2-4E79-8DAD-5BF150F023CD}.Release|x64.Build.0 = Release|x64
		{05DABD5F-AAE2-4E79-8DAD-5BF150F023CD}.Release|x86.ActiveCfg = Release|x86
		{05DABD5F-AAE2-4E79-8DAD-5BF150F023CD}.Release|x86.Build.0 = Release|x86
	EndGlobalSection
	GlobalSection(SolutionProperties) = preSolution
		HideSolutionNode = FALSE
	EndGlobalSection
EndGlobal
